// !$*UTF8*$!
{
	archiveVersion = 1;
	classes = {
	};
	objectVersion = 46;
	objects = {

/* Begin PBXBuildFile section */
		68A2B6D11C6666D800535D7E /* AppDelegate.swift in Sources */ = {isa = PBXBuildFile; fileRef = 68A2B6D01C6666D800535D7E /* AppDelegate.swift */; };
		68A2B6D31C6666D800535D7E /* ViewController.swift in Sources */ = {isa = PBXBuildFile; fileRef = 68A2B6D21C6666D800535D7E /* ViewController.swift */; };
		68A2B6D61C6666D800535D7E /* Main.storyboard in Resources */ = {isa = PBXBuildFile; fileRef = 68A2B6D41C6666D800535D7E /* Main.storyboard */; };
		68A2B6D81C6666D800535D7E /* Assets.xcassets in Resources */ = {isa = PBXBuildFile; fileRef = 68A2B6D71C6666D800535D7E /* Assets.xcassets */; };
		68A2B6DB1C6666D800535D7E /* LaunchScreen.storyboard in Resources */ = {isa = PBXBuildFile; fileRef = 68A2B6D91C6666D800535D7E /* LaunchScreen.storyboard */; };
		68A2B6E61C6666D900535D7E /* Retro_CalcTests.swift in Sources */ = {isa = PBXBuildFile; fileRef = 68A2B6E51C6666D900535D7E /* Retro_CalcTests.swift */; };
		68A2B6F11C6666D900535D7E /* Retro_CalcUITests.swift in Sources */ = {isa = PBXBuildFile; fileRef = 68A2B6F01C6666D900535D7E /* Retro_CalcUITests.swift */; };
/* End PBXBuildFile section */

/* Begin PBXContainerItemProxy section */
		68A2B6E21C6666D900535D7E /* PBXContainerItemProxy */ = {
			isa = PBXContainerItemProxy;
			containerPortal = 68A2B6C51C6666D800535D7E /* Project object */;
			proxyType = 1;
			remoteGlobalIDString = 68A2B6CC1C6666D800535D7E;
			remoteInfo = "Retro Calc";
		};
		68A2B6ED1C6666D900535D7E /* PBXContainerItemProxy */ = {
			isa = PBXContainerItemProxy;
			containerPortal = 68A2B6C51C6666D800535D7E /* Project object */;
			proxyType = 1;
			remoteGlobalIDString = 68A2B6CC1C6666D800535D7E;
			remoteInfo = "Retro Calc";
		};
/* End PBXContainerItemProxy section */

/* Begin PBXFileReference section */
		68A2B6CD1C6666D800535D7E /* Retro Calc.app */ = {isa = PBXFileReference; explicitFileType = wrapper.application; includeInIndex = 0; path = "Retro Calc.app"; sourceTree = BUILT_PRODUCTS_DIR; };
		68A2B6D01C6666D800535D7E /* AppDelegate.swift */ = {isa = PBXFileReference; lastKnownFileType = sourcecode.swift; path = AppDelegate.swift; sourceTree = "<group>"; };
		68A2B6D21C6666D800535D7E /* ViewController.swift */ = {isa = PBXFileReference; lastKnownFileType = sourcecode.swift; path = ViewController.swift; sourceTree = "<group>"; };
		68A2B6D51C6666D800535D7E /* Base */ = {isa = PBXFileReference; lastKnownFileType = file.storyboard; name = Base; path = Base.lproj/Main.storyboard; sourceTree = "<group>"; };
		68A2B6D71C6666D800535D7E /* Assets.xcassets */ = {isa = PBXFileReference; lastKnownFileType = folder.assetcatalog; path = Assets.xcassets; sourceTree = "<group>"; };
		68A2B6DA1C6666D800535D7E /* Base */ = {isa = PBXFileReference; lastKnownFileType = file.storyboard; name = Base; path = Base.lproj/LaunchScreen.storyboard; sourceTree = "<group>"; };
		68A2B6DC1C6666D800535D7E /* Info.plist */ = {isa = PBXFileReference; lastKnownFileType = text.plist.xml; path = Info.plist; sourceTree = "<group>"; };
		68A2B6E11C6666D900535D7E /* Retro CalcTests.xctest */ = {isa = PBXFileReference; explicitFileType = wrapper.cfbundle; includeInIndex = 0; path = "Retro CalcTests.xctest"; sourceTree = BUILT_PRODUCTS_DIR; };
		68A2B6E51C6666D900535D7E /* Retro_CalcTests.swift */ = {isa = PBXFileReference; lastKnownFileType = sourcecode.swift; path = Retro_CalcTests.swift; sourceTree = "<group>"; };
		68A2B6E71C6666D900535D7E /* Info.plist */ = {isa = PBXFileReference; lastKnownFileType = text.plist.xml; path = Info.plist; sourceTree = "<group>"; };
		68A2B6EC1C6666D900535D7E /* Retro CalcUITests.xctest */ = {isa = PBXFileReference; explicitFileType = wrapper.cfbundle; includeInIndex = 0; path = "Retro CalcUITests.xctest"; sourceTree = BUILT_PRODUCTS_DIR; };
		68A2B6F01C6666D900535D7E /* Retro_CalcUITests.swift */ = {isa = PBXFileReference; lastKnownFileType = sourcecode.swift; path = Retro_CalcUITests.swift; sourceTree = "<group>"; };
		68A2B6F21C6666D900535D7E /* Info.plist */ = {isa = PBXFileReference; lastKnownFileType = text.plist.xml; path = Info.plist; sourceTree = "<group>"; };
/* End PBXFileReference section */

/* Begin PBXFrameworksBuildPhase section */
		68A2B6CA1C6666D800535D7E /* Frameworks */ = {
			isa = PBXFrameworksBuildPhase;
			buildActionMask = 2147483647;
			files = (
			);
			runOnlyForDeploymentPostprocessing = 0;
		};
		68A2B6DE1C6666D900535D7E /* Frameworks */ = {
			isa = PBXFrameworksBuildPhase;
			buildActionMask = 2147483647;
			files = (
			);
			runOnlyForDeploymentPostprocessing = 0;
		};
		68A2B6E91C6666D900535D7E /* Frameworks */ = {
			isa = PBXFrameworksBuildPhase;
			buildActionMask = 2147483647;
			files = (
			);
			runOnlyForDeploymentPostprocessing = 0;
		};
/* End PBXFrameworksBuildPhase section */

/* Begin PBXGroup section */
		68A2B6C41C6666D800535D7E = {
			isa = PBXGroup;
			children = (
				68A2B6CF1C6666D800535D7E /* Retro Calc */,
				68A2B6E41C6666D900535D7E /* Retro CalcTests */,
				68A2B6EF1C6666D900535D7E /* Retro CalcUITests */,
				68A2B6CE1C6666D800535D7E /* Products */,
			);
			sourceTree = "<group>";
		};
		68A2B6CE1C6666D800535D7E /* Products */ = {
			isa = PBXGroup;
			children = (
				68A2B6CD1C6666D800535D7E /* Retro Calc.app */,
				68A2B6E11C6666D900535D7E /* Retro CalcTests.xctest */,
				68A2B6EC1C6666D900535D7E /* Retro CalcUITests.xctest */,
			);
			name = Products;
			sourceTree = "<group>";
		};
		68A2B6CF1C6666D800535D7E /* Retro Calc */ = {
			isa = PBXGroup;
			children = (
				68A2B6D01C6666D800535D7E /* AppDelegate.swift */,
				68A2B6D21C6666D800535D7E /* ViewController.swift */,
				68A2B6D41C6666D800535D7E /* Main.storyboard */,
				68A2B6D71C6666D800535D7E /* Assets.xcassets */,
				68A2B6D91C6666D800535D7E /* LaunchScreen.storyboard */,
				68A2B6DC1C6666D800535D7E /* Info.plist */,
			);
			path = "Retro Calc";
			sourceTree = "<group>";
		};
		68A2B6E41C6666D900535D7E /* Retro CalcTests */ = {
			isa = PBXGroup;
			children = (
				68A2B6E51C6666D900535D7E /* Retro_CalcTests.swift */,
				68A2B6E71C6666D900535D7E /* Info.plist */,
			);
			path = "Retro CalcTests";
			sourceTree = "<group>";
		};
		68A2B6EF1C6666D900535D7E /* Retro CalcUITests */ = {
			isa = PBXGroup;
			children = (
				68A2B6F01C6666D900535D7E /* Retro_CalcUITests.swift */,
				68A2B6F21C6666D900535D7E /* Info.plist */,
			);
			path = "Retro CalcUITests";
			sourceTree = "<group>";
		};
/* End PBXGroup section */

/* Begin PBXNativeTarget section */
		68A2B6CC1C6666D800535D7E /* Retro Calc */ = {
			isa = PBXNativeTarget;
			buildConfigurationList = 68A2B6F51C6666D900535D7E /* Build configuration list for PBXNativeTarget "Retro Calc" */;
			buildPhases = (
				68A2B6C91C6666D800535D7E /* Sources */,
				68A2B6CA1C6666D800535D7E /* Frameworks */,
				68A2B6CB1C6666D800535D7E /* Resources */,
			);
			buildRules = (
			);
			dependencies = (
			);
			name = "Retro Calc";
			productName = "Retro Calc";
			productReference = 68A2B6CD1C6666D800535D7E /* Retro Calc.app */;
			productType = "com.apple.product-type.application";
		};
		68A2B6E01C6666D900535D7E /* Retro CalcTests */ = {
			isa = PBXNativeTarget;
			buildConfigurationList = 68A2B6F81C6666D900535D7E /* Build configuration list for PBXNativeTarget "Retro CalcTests" */;
			buildPhases = (
				68A2B6DD1C6666D900535D7E /* Sources */,
				68A2B6DE1C6666D900535D7E /* Frameworks */,
				68A2B6DF1C6666D900535D7E /* Resources */,
			);
			buildRules = (
			);
			dependencies = (
				68A2B6E31C6666D900535D7E /* PBXTargetDependency */,
			);
			name = "Retro CalcTests";
			productName = "Retro CalcTests";
			productReference = 68A2B6E11C6666D900535D7E /* Retro CalcTests.xctest */;
			productType = "com.apple.product-type.bundle.unit-test";
		};
		68A2B6EB1C6666D900535D7E /* Retro CalcUITests */ = {
			isa = PBXNativeTarget;
			buildConfigurationList = 68A2B6FB1C6666D900535D7E /* Build configuration list for PBXNativeTarget "Retro CalcUITests" */;
			buildPhases = (
				68A2B6E81C6666D900535D7E /* Sources */,
				68A2B6E91C6666D900535D7E /* Frameworks */,
				68A2B6EA1C6666D900535D7E /* Resources */,
			);
			buildRules = (
			);
			dependencies = (
				68A2B6EE1C6666D900535D7E /* PBXTargetDependency */,
			);
			name = "Retro CalcUITests";
			productName = "Retro CalcUITests";
			productReference = 68A2B6EC1C6666D900535D7E /* Retro CalcUITests.xctest */;
			productType = "com.apple.product-type.bundle.ui-testing";
		};
/* End PBXNativeTarget section */

/* Begin PBXProject section */
		68A2B6C51C6666D800535D7E /* Project object */ = {
			isa = PBXProject;
			attributes = {
				LastSwiftUpdateCheck = 0720;
				LastUpgradeCheck = 0720;
				ORGANIZATIONNAME = "Antonija Pek";
				TargetAttributes = {
					68A2B6CC1C6666D800535D7E = {
						CreatedOnToolsVersion = 7.2.1;
						DevelopmentTeam = WNU245KFYF;
					};
					68A2B6E01C6666D900535D7E = {
						CreatedOnToolsVersion = 7.2.1;
						DevelopmentTeam = WNU245KFYF;
						TestTargetID = 68A2B6CC1C6666D800535D7E;
					};
					68A2B6EB1C6666D900535D7E = {
						CreatedOnToolsVersion = 7.2.1;
						DevelopmentTeam = WNU245KFYF;
						TestTargetID = 68A2B6CC1C6666D800535D7E;
					};
				};
			};
			buildConfigurationList = 68A2B6C81C6666D800535D7E /* Build configuration list for PBXProject "Retro Calc" */;
			compatibilityVersion = "Xcode 3.2";
			developmentRegion = English;
			hasScannedForEncodings = 0;
			knownRegions = (
				en,
				Base,
			);
			mainGroup = 68A2B6C41C6666D800535D7E;
			productRefGroup = 68A2B6CE1C6666D800535D7E /* Products */;
			projectDirPath = "";
			projectRoot = "";
			targets = (
				68A2B6CC1C6666D800535D7E /* Retro Calc */,
				68A2B6E01C6666D900535D7E /* Retro CalcTests */,
				68A2B6EB1C6666D900535D7E /* Retro CalcUITests */,
			);
		};
/* End PBXProject section */

/* Begin PBXResourcesBuildPhase section */
		68A2B6CB1C6666D800535D7E /* Resources */ = {
			isa = PBXResourcesBuildPhase;
			buildActionMask = 2147483647;
			files = (
				68A2B6DB1C6666D800535D7E /* LaunchScreen.storyboard in Resources */,
				68A2B6D81C6666D800535D7E /* Assets.xcassets in Resources */,
				68A2B6D61C6666D800535D7E /* Main.storyboard in Resources */,
			);
			runOnlyForDeploymentPostprocessing = 0;
		};
		68A2B6DF1C6666D900535D7E /* Resources */ = {
			isa = PBXResourcesBuildPhase;
			buildActionMask = 2147483647;
			files = (
			);
			runOnlyForDeploymentPostprocessing = 0;
		};
		68A2B6EA1C6666D900535D7E /* Resources */ = {
			isa = PBXResourcesBuildPhase;
			buildActionMask = 2147483647;
			files = (
			);
			runOnlyForDeploymentPostprocessing = 0;
		};
/* End PBXResourcesBuildPhase section */

/* Begin PBXSourcesBuildPhase section */
		68A2B6C91C6666D800535D7E /* Sources */ = {
			isa = PBXSourcesBuildPhase;
			buildActionMask = 2147483647;
			files = (
				68A2B6D31C6666D800535D7E /* ViewController.swift in Sources */,
				68A2B6D11C6666D800535D7E /* AppDelegate.swift in Sources */,
			);
			runOnlyForDeploymentPostprocessing = 0;
		};
		68A2B6DD1C6666D900535D7E /* Sources */ = {
			isa = PBXSourcesBuildPhase;
			buildActionMask = 2147483647;
			files = (
				68A2B6E61C6666D900535D7E /* Retro_CalcTests.swift in Sources */,
			);
			runOnlyForDeploymentPostprocessing = 0;
		};
		68A2B6E81C6666D900535D7E /* Sources */ = {
			isa = PBXSourcesBuildPhase;
			buildActionMask = 2147483647;
			files = (
				68A2B6F11C6666D900535D7E /* Retro_CalcUITests.swift in Sources */,
			);
			runOnlyForDeploymentPostprocessing = 0;
		};
/* End PBXSourcesBuildPhase section */

/* Begin PBXTargetDependency section */
		68A2B6E31C6666D900535D7E /* PBXTargetDependency */ = {
			isa = PBXTargetDependency;
			target = 68A2B6CC1C6666D800535D7E /* Retro Calc */;
			targetProxy = 68A2B6E21C6666D900535D7E /* PBXContainerItemProxy */;
		};
		68A2B6EE1C6666D900535D7E /* PBXTargetDependency */ = {
			isa = PBXTargetDependency;
			target = 68A2B6CC1C6666D800535D7E /* Retro Calc */;
			targetProxy = 68A2B6ED1C6666D900535D7E /* PBXContainerItemProxy */;
		};
/* End PBXTargetDependency section */

/* Begin PBXVariantGroup section */
		68A2B6D41C6666D800535D7E /* Main.storyboard */ = {
			isa = PBXVariantGroup;
			children = (
				68A2B6D51C6666D800535D7E /* Base */,
			);
			name = Main.storyboard;
			sourceTree = "<group>";
		};
		68A2B6D91C6666D800535D7E /* LaunchScreen.storyboard */ = {
			isa = PBXVariantGroup;
			children = (
				68A2B6DA1C6666D800535D7E /* Base */,
			);
			name = LaunchScreen.storyboard;
			sourceTree = "<group>";
		};
/* End PBXVariantGroup section */

/* Begin XCBuildConfiguration section */
		68A2B6F31C6666D900535D7E /* Debug */ = {
			isa = XCBuildConfiguration;
			buildSettings = {
				ALWAYS_SEARCH_USER_PATHS = NO;
				CLANG_CXX_LANGUAGE_STANDARD = "gnu++0x";
				CLANG_CXX_LIBRARY = "libc++";
				CLANG_ENABLE_MODULES = YES;
				CLANG_ENABLE_OBJC_ARC = YES;
				CLANG_WARN_BOOL_CONVERSION = YES;
				CLANG_WARN_CONSTANT_CONVERSION = YES;
				CLANG_WARN_DIRECT_OBJC_ISA_USAGE = YES_ERROR;
				CLANG_WARN_EMPTY_BODY = YES;
				CLANG_WARN_ENUM_CONVERSION = YES;
				CLANG_WARN_INT_CONVERSION = YES;
				CLANG_WARN_OBJC_ROOT_CLASS = YES_ERROR;
				CLANG_WARN_UNREACHABLE_CODE = YES;
				CLANG_WARN__DUPLICATE_METHOD_MATCH = YES;
				"CODE_SIGN_IDENTITY[sdk=iphoneos*]" = "iPhone Developer";
				COPY_PHASE_STRIP = NO;
				DEBUG_INFORMATION_FORMAT = dwarf;
				ENABLE_STRICT_OBJC_MSGSEND = YES;
				ENABLE_TESTABILITY = YES;
				GCC_C_LANGUAGE_STANDARD = gnu99;
				GCC_DYNAMIC_NO_PIC = NO;
				GCC_NO_COMMON_BLOCKS = YES;
				GCC_OPTIMIZATION_LEVEL = 0;
				GCC_PREPROCESSOR_DEFINITIONS = (
					"DEBUG=1",
					"$(inherited)",
				);
				GCC_WARN_64_TO_32_BIT_CONVERSION = YES;
				GCC_WARN_ABOUT_RETURN_TYPE = YES_ERROR;
				GCC_WARN_UNDECLARED_SELECTOR = YES;
				GCC_WARN_UNINITIALIZED_AUTOS = YES_AGGRESSIVE;
				GCC_WARN_UNUSED_FUNCTION = YES;
				GCC_WARN_UNUSED_VARIABLE = YES;
				IPHONEOS_DEPLOYMENT_TARGET = 9.2;
				MTL_ENABLE_DEBUG_INFO = YES;
				ONLY_ACTIVE_ARCH = YES;
				SDKROOT = iphoneos;
				SWIFT_OPTIMIZATION_LEVEL = "-Onone";
				TARGETED_DEVICE_FAMILY = "1,2";
			};
			name = Debug;
		};
		68A2B6F41C6666D900535D7E /* Release */ = {
			isa = XCBuildConfiguration;
			buildSettings = {
				ALWAYS_SEARCH_USER_PATHS = NO;
				CLANG_CXX_LANGUAGE_STANDARD = "gnu++0x";
				CLANG_CXX_LIBRARY = "libc++";
				CLANG_ENABLE_MODULES = YES;
				CLANG_ENABLE_OBJC_ARC = YES;
				CLANG_WARN_BOOL_CONVERSION = YES;
				CLANG_WARN_CONSTANT_CONVERSION = YES;
				CLANG_WARN_DIRECT_OBJC_ISA_USAGE = YES_ERROR;
				CLANG_WARN_EMPTY_BODY = YES;
				CLANG_WARN_ENUM_CONVERSION = YES;
				CLANG_WARN_INT_CONVERSION = YES;
				CLANG_WARN_OBJC_ROOT_CLASS = YES_ERROR;
				CLANG_WARN_UNREACHABLE_CODE = YES;
				CLANG_WARN__DUPLICATE_METHOD_MATCH = YES;
				"CODE_SIGN_IDENTITY[sdk=iphoneos*]" = "iPhone Developer";
				COPY_PHASE_STRIP = NO;
				DEBUG_INFORMATION_FORMAT = "dwarf-with-dsym";
				ENABLE_NS_ASSERTIONS = NO;
				ENABLE_STRICT_OBJC_MSGSEND = YES;
				GCC_C_LANGUAGE_STANDARD = gnu99;
				GCC_NO_COMMON_BLOCKS = YES;
				GCC_WARN_64_TO_32_BIT_CONVERSION = YES;
				GCC_WARN_ABOUT_RETURN_TYPE = YES_ERROR;
				GCC_WARN_UNDECLARED_SELECTOR = YES;
				GCC_WARN_UNINITIALIZED_AUTOS = YES_AGGRESSIVE;
				GCC_WARN_UNUSED_FUNCTION = YES;
				GCC_WARN_UNUSED_VARIABLE = YES;
				IPHONEOS_DEPLOYMENT_TARGET = 9.2;
				MTL_ENABLE_DEBUG_INFO = NO;
				SDKROOT = iphoneos;
				TARGETED_DEVICE_FAMILY = "1,2";
				VALIDATE_PRODUCT = YES;
			};
			name = Release;
		};
		68A2B6F61C6666D900535D7E /* Debug */ = {
			isa = XCBuildConfiguration;
			buildSettings = {
				ASSETCATALOG_COMPILER_APPICON_NAME = AppIcon;
				INFOPLIST_FILE = "Retro Calc/Info.plist";
				LD_RUNPATH_SEARCH_PATHS = "$(inherited) @executable_path/Frameworks";
				PRODUCT_BUNDLE_IDENTIFIER = "com.antonijapek.Retro-Calc";
				PRODUCT_NAME = "$(TARGET_NAME)";
			};
			name = Debug;
		};
		68A2B6F71C6666D900535D7E /* Release */ = {
			isa = XCBuildConfiguration;
			buildSettings = {
				ASSETCATALOG_COMPILER_APPICON_NAME = AppIcon;
				INFOPLIST_FILE = "Retro Calc/Info.plist";
				LD_RUNPATH_SEARCH_PATHS = "$(inherited) @executable_path/Frameworks";
				PRODUCT_BUNDLE_IDENTIFIER = "com.antonijapek.Retro-Calc";
				PRODUCT_NAME = "$(TARGET_NAME)";
			};
			name = Release;
		};
		68A2B6F91C6666D900535D7E /* Debug */ = {
			isa = XCBuildConfiguration;
			buildSettings = {
				BUNDLE_LOADER = "$(TEST_HOST)";
				INFOPLIST_FILE = "Retro CalcTests/Info.plist";
				LD_RUNPATH_SEARCH_PATHS = "$(inherited) @executable_path/Frameworks @loader_path/Frameworks";
				PRODUCT_BUNDLE_IDENTIFIER = "com.antonijapek.Retro-CalcTests";
				PRODUCT_NAME = "$(TARGET_NAME)";
				TEST_HOST = "$(BUILT_PRODUCTS_DIR)/Retro Calc.app/Retro Calc";
			};
			name = Debug;
		};
		68A2B6FA1C6666D900535D7E /* Release */ = {
			isa = XCBuildConfiguration;
			buildSettings = {
				BUNDLE_LOADER = "$(TEST_HOST)";
				INFOPLIST_FILE = "Retro CalcTests/Info.plist";
				LD_RUNPATH_SEARCH_PATHS = "$(inherited) @executable_path/Frameworks @loader_path/Frameworks";
				PRODUCT_BUNDLE_IDENTIFIER = "com.antonijapek.Retro-CalcTests";
				PRODUCT_NAME = "$(TARGET_NAME)";
				TEST_HOST = "$(BUILT_PRODUCTS_DIR)/Retro Calc.app/Retro Calc";
			};
			name = Release;
		};
		68A2B6FC1C6666D900535D7E /* Debug */ = {
			isa = XCBuildConfiguration;
			buildSettings = {
				INFOPLIST_FILE = "Retro CalcUITests/Info.plist";
				LD_RUNPATH_SEARCH_PATHS = "$(inherited) @executable_path/Frameworks @loader_path/Frameworks";
				PRODUCT_BUNDLE_IDENTIFIER = "com.antonijapek.Retro-CalcUITests";
				PRODUCT_NAME = "$(TARGET_NAME)";
				TEST_TARGET_NAME = "Retro Calc";
				USES_XCTRUNNER = YES;
			};
			name = Debug;
		};
		68A2B6FD1C6666D900535D7E /* Release */ = {
			isa = XCBuildConfiguration;
			buildSettings = {
				INFOPLIST_FILE = "Retro CalcUITests/Info.plist";
				LD_RUNPATH_SEARCH_PATHS = "$(inherited) @executable_path/Frameworks @loader_path/Frameworks";
				PRODUCT_BUNDLE_IDENTIFIER = "com.antonijapek.Retro-CalcUITests";
				PRODUCT_NAME = "$(TARGET_NAME)";
				TEST_TARGET_NAME = "Retro Calc";
				USES_XCTRUNNER = YES;
			};
			name = Release;
		};
/* End XCBuildConfiguration section */

/* Begin XCConfigurationList section */
		68A2B6C81C6666D800535D7E /* Build configuration list for PBXProject "Retro Calc" */ = {
			isa = XCConfigurationList;
			buildConfigurations = (
				68A2B6F31C6666D900535D7E /* Debug */,
				68A2B6F41C6666D900535D7E /* Release */,
			);
			defaultConfigurationIsVisible = 0;
			defaultConfigurationName = Release;
		};
		68A2B6F51C6666D900535D7E /* Build configuration list for PBXNativeTarget "Retro Calc" */ = {
			isa = XCConfigurationList;
			buildConfigurations = (
				68A2B6F61C6666D900535D7E /* Debug */,
				68A2B6F71C6666D900535D7E /* Release */,
			);
			defaultConfigurationIsVisible = 0;
		};
		68A2B6F81C6666D900535D7E /* Build configuration list for PBXNativeTarget "Retro CalcTests" */ = {
			isa = XCConfigurationList;
			buildConfigurations = (
				68A2B6F91C6666D900535D7E /* Debug */,
				68A2B6FA1C6666D900535D7E /* Release */,
			);
			defaultConfigurationIsVisible = 0;
		};
		68A2B6FB1C6666D900535D7E /* Build configuration list for PBXNativeTarget "Retro CalcUITests" */ = {
			isa = XCConfigurationList;
			buildConfigurations = (
				68A2B6FC1C6666D900535D7E /* Debug */,
				68A2B6FD1C6666D900535D7E /* Release */,
			);
			defaultConfigurationIsVisible = 0;
		};
/* End XCConfigurationList section */
	};
	rootObject = 68A2B6C51C6666D800535D7E /* Project object */;
}
